{
    "_meta": {
        "hash": {
            "sha256": "e365c843a9d9f736b0531811b862f286575097e7062741a8cb38dcadde09f040"
        },
        "pipfile-spec": 6,
        "requires": {
            "python_version": "3.7.4"
        },
        "sources": [
            {
                "name": "pypi",
                "url": "https://pypi.org/simple",
                "verify_ssl": true
            }
        ]
    },
    "default": {
        "aiohttp": {
            "hashes": [
                "sha256:1e984191d1ec186881ffaed4581092ba04f7c61582a177b187d3a2f07ed9719e",
                "sha256:259ab809ff0727d0e834ac5e8a283dc5e3e0ecc30c4d80b3cd17a4139ce1f326",
                "sha256:2f4d1a4fdce595c947162333353d4a44952a724fba9ca3205a3df99a33d1307a",
                "sha256:32e5f3b7e511aa850829fbe5aa32eb455e5534eaa4b1ce93231d00e2f76e5654",
                "sha256:344c780466b73095a72c616fac5ea9c4665add7fc129f285fbdbca3cccf4612a",
                "sha256:460bd4237d2dbecc3b5ed57e122992f60188afe46e7319116da5eb8a9dfedba4",
                "sha256:4c6efd824d44ae697814a2a85604d8e992b875462c6655da161ff18fd4f29f17",
                "sha256:50aaad128e6ac62e7bf7bd1f0c0a24bc968a0c0590a726d5a955af193544bcec",
                "sha256:6206a135d072f88da3e71cc501c59d5abffa9d0bb43269a6dcd28d66bfafdbdd",
                "sha256:65f31b622af739a802ca6fd1a3076fd0ae523f8485c52924a89561ba10c49b48",
                "sha256:ae55bac364c405caa23a4f2d6cfecc6a0daada500274ffca4a9230e7129eac59",
                "sha256:b778ce0c909a2653741cb4b1ac7015b5c130ab9c897611df43ae6a58523cb965"
            ],
            "index": "pypi",
            "version": "==3.6.2"
        },
        "aniso8601": {
            "hashes": [
                "sha256:529dcb1f5f26ee0df6c0a1ee84b7b27197c3c50fc3a6321d66c544689237d072",
                "sha256:c033f63d028b9a58e3ab0c2c7d0532ab4bfa7452bfc788fbfe3ddabd327b181a"
            ],
            "index": "pypi",
            "version": "==8.0.0"
        },
        "async-timeout": {
            "hashes": [
                "sha256:0c3c816a028d47f659d6ff5c745cb2acf1f966da1fe5c19c77a70282b25f4c5f",
                "sha256:4291ca197d287d274d0b6cb5d6f8f8f82d434ed288f962539ff18cc9012f9ea3"
            ],
            "index": "pypi",
            "version": "==3.0.1"
        },
        "attrs": {
            "hashes": [
                "sha256:26b54ddbbb9ee1d34d5d3668dd37d6cf74990ab23c828c2888dccdceee395594",
                "sha256:fce7fc47dfc976152e82d53ff92fa0407700c21acd20886a13777a0d20e655dc"
            ],
            "markers": "python_version >= '2.7' and python_version not in '3.0, 3.1, 3.2, 3.3'",
            "version": "==20.2.0"
        },
        "bcrypt": {
            "hashes": [
                "sha256:5b93c1726e50a93a033c36e5ca7fdcd29a5c7395af50a6892f5d9e7c6cfbfb29",
                "sha256:63d4e3ff96188e5898779b6057878fecf3f11cfe6ec3b313ea09955d587ec7a7",
                "sha256:81fec756feff5b6818ea7ab031205e1d323d8943d237303baca2c5f9c7846f34",
                "sha256:a67fb841b35c28a59cebed05fbd3e80eea26e6d75851f0574a9273c80f3e9b55",
                "sha256:c95d4cbebffafcdd28bd28bb4e25b31c50f6da605c81ffd9ad8a3d1b2ab7b1b6",
                "sha256:cd1ea2ff3038509ea95f687256c46b79f5fc382ad0aa3664d200047546d511d1",
                "sha256:cdcdcb3972027f83fe24a48b1e90ea4b584d35f1cc279d76de6fc4b13376239d"
            ],
            "markers": "python_version >= '3.6'",
            "version": "==3.2.0"
        },
        "certifi": {
            "hashes": [
                "sha256:5930595817496dd21bb8dc35dad090f1c2cd0adfaf21204bf6732ca5d8ee34d3",
                "sha256:8fc0819f1f30ba15bdb34cceffb9ef04d99f420f68eb75d901e9560b8749fc41"
            ],
            "version": "==2020.6.20"
        },
        "cffi": {
            "hashes": [
                "sha256:005f2bfe11b6745d726dbb07ace4d53f057de66e336ff92d61b8c7e9c8f4777d",
                "sha256:09e96138280241bd355cd585148dec04dbbedb4f46128f340d696eaafc82dd7b",
                "sha256:0b1ad452cc824665ddc682400b62c9e4f5b64736a2ba99110712fdee5f2505c4",
                "sha256:0ef488305fdce2580c8b2708f22d7785ae222d9825d3094ab073e22e93dfe51f",
                "sha256:15f351bed09897fbda218e4db5a3d5c06328862f6198d4fb385f3e14e19decb3",
                "sha256:22399ff4870fb4c7ef19fff6eeb20a8bbf15571913c181c78cb361024d574579",
                "sha256:23e5d2040367322824605bc29ae8ee9175200b92cb5483ac7d466927a9b3d537",
                "sha256:2791f68edc5749024b4722500e86303a10d342527e1e3bcac47f35fbd25b764e",
                "sha256:2f9674623ca39c9ebe38afa3da402e9326c245f0f5ceff0623dccdac15023e05",
                "sha256:3363e77a6176afb8823b6e06db78c46dbc4c7813b00a41300a4873b6ba63b171",
                "sha256:33c6cdc071ba5cd6d96769c8969a0531be2d08c2628a0143a10a7dcffa9719ca",
                "sha256:3b8eaf915ddc0709779889c472e553f0d3e8b7bdf62dab764c8921b09bf94522",
                "sha256:3cb3e1b9ec43256c4e0f8d2837267a70b0e1ca8c4f456685508ae6106b1f504c",
                "sha256:3eeeb0405fd145e714f7633a5173318bd88d8bbfc3dd0a5751f8c4f70ae629bc",
                "sha256:44f60519595eaca110f248e5017363d751b12782a6f2bd6a7041cba275215f5d",
                "sha256:4d7c26bfc1ea9f92084a1d75e11999e97b62d63128bcc90c3624d07813c52808",
                "sha256:529c4ed2e10437c205f38f3691a68be66c39197d01062618c55f74294a4a4828",
                "sha256:6642f15ad963b5092d65aed022d033c77763515fdc07095208f15d3563003869",
                "sha256:85ba797e1de5b48aa5a8427b6ba62cf69607c18c5d4eb747604b7302f1ec382d",
                "sha256:8f0f1e499e4000c4c347a124fa6a27d37608ced4fe9f7d45070563b7c4c370c9",
                "sha256:a624fae282e81ad2e4871bdb767e2c914d0539708c0f078b5b355258293c98b0",
                "sha256:b0358e6fefc74a16f745afa366acc89f979040e0cbc4eec55ab26ad1f6a9bfbc",
                "sha256:bbd2f4dfee1079f76943767fce837ade3087b578aeb9f69aec7857d5bf25db15",
                "sha256:bf39a9e19ce7298f1bd6a9758fa99707e9e5b1ebe5e90f2c3913a47bc548747c",
                "sha256:c11579638288e53fc94ad60022ff1b67865363e730ee41ad5e6f0a17188b327a",
                "sha256:c150eaa3dadbb2b5339675b88d4573c1be3cb6f2c33a6c83387e10cc0bf05bd3",
                "sha256:c53af463f4a40de78c58b8b2710ade243c81cbca641e34debf3396a9640d6ec1",
                "sha256:cb763ceceae04803adcc4e2d80d611ef201c73da32d8f2722e9d0ab0c7f10768",
                "sha256:cc75f58cdaf043fe6a7a6c04b3b5a0e694c6a9e24050967747251fb80d7bce0d",
                "sha256:d80998ed59176e8cba74028762fbd9b9153b9afc71ea118e63bbf5d4d0f9552b",
                "sha256:de31b5164d44ef4943db155b3e8e17929707cac1e5bd2f363e67a56e3af4af6e",
                "sha256:e66399cf0fc07de4dce4f588fc25bfe84a6d1285cc544e67987d22663393926d",
                "sha256:f0620511387790860b249b9241c2f13c3a80e21a73e0b861a2df24e9d6f56730",
                "sha256:f4eae045e6ab2bb54ca279733fe4eb85f1effda392666308250714e01907f394",
                "sha256:f92cdecb618e5fa4658aeb97d5eb3d2f47aa94ac6477c6daf0f306c5a3b9e6b1",
                "sha256:f92f789e4f9241cd262ad7a555ca2c648a98178a953af117ef7fad46aa1d5591"
            ],
            "version": "==1.14.3"
        },
        "chardet": {
            "hashes": [
                "sha256:84ab92ed1c4d4f16916e05906b6b75a6c0fb5db821cc65e70cbd64a3e2a5eaae",
                "sha256:fc323ffcaeaed0e0a02bf4d117757b98aed530d9ed4531e3e15460124c106691"
            ],
            "version": "==3.0.4"
        },
        "click": {
            "hashes": [
                "sha256:d2b5255c7c6349bc1bd1e59e08cd12acbbd63ce649f2588755783aa94dfb6b1a",
                "sha256:dacca89f4bfadd5de3d7489b7c8a566eee0d3676333fbb50030263894c38c0dc"
            ],
            "markers": "python_version >= '2.7' and python_version not in '3.0, 3.1, 3.2, 3.3, 3.4'",
            "version": "==7.1.2"
        },
        "flask": {
            "hashes": [
                "sha256:13f9f196f330c7c2c5d7a5cf91af894110ca0215ac051b5844701f2bfd934d52",
                "sha256:45eb5a6fd193d6cf7e0cf5d8a5b31f83d5faae0293695626f539a823e93b13f6"
            ],
            "index": "pypi",
            "version": "==1.1.1"
        },
        "flask-bcrypt": {
            "hashes": [
                "sha256:d71c8585b2ee1c62024392ebdbc447438564e2c8c02b4e57b56a4cafd8d13c5f"
            ],
            "index": "pypi",
            "version": "==0.7.1"
        },
        "flask-mongo-sessions": {
            "hashes": [
                "sha256:029e7e5d9c40ab3e589d285976074c1fba2ab706b62f59b992e20ac56b327e13",
                "sha256:419b614fdde5c88de67133ff9c02d71541010e0cdff7141b7db3eaa52e4c6912"
            ],
            "index": "pypi",
            "version": "==0.2.1"
        },
        "flask-pymongo": {
            "hashes": [
                "sha256:620eb02dc8808a5fcb90f26cab6cba9d6bf497b15032ae3ca99df80366e33314",
                "sha256:8a9577a2c6d00b49f21cb5a5a8d72561730364a2d745551a85349ab02f86fc73"
            ],
            "index": "pypi",
            "version": "==2.3.0"
        },
        "flask-restplus": {
            "hashes": [
                "sha256:a15d251923a8feb09a5d805c2f4d188555910a42c64d58f7dd281b8cac095f1b",
                "sha256:a66e442d0bca08f389fc3d07b4d808fc89961285d12fb8013f7cf15516fa9f5c"
            ],
            "index": "pypi",
            "version": "==0.13.0"
        },
        "flask-session": {
            "hashes": [
                "sha256:a31c27e0c3287f00c825b3d9625aba585f4df4cccedb1e7dd5a69a215881a731",
                "sha256:b9b32126bfc52c3169089f2ed9a40e34b589527bda48b633428e07d39d9c8792"
            ],
            "index": "pypi",
            "version": "==0.3.1"
        },
        "flask-sessions": {
            "hashes": [
                "sha256:dd56d1f132715cb9fa0edbdd911ece081b4738e3ae8f39c505ee383d3f84428d"
            ],
            "index": "pypi",
            "version": "==0.1.5"
        },
        "flask-widgets": {
            "hashes": [
                "sha256:279df2e76d136923cc07e9bbe7c05359fb04d29b151019e359008576e64ec940",
                "sha256:fb46db014b822a8cddff61b0736c2c079f6f64b06466243650e568f877b5df1a"
            ],
            "index": "pypi",
            "version": "==0.5"
        },
        "flask-wtf": {
            "hashes": [
                "sha256:57b3faf6fe5d6168bda0c36b0df1d05770f8e205e18332d0376ddb954d17aef2",
                "sha256:d417e3a0008b5ba583da1763e4db0f55a1269d9dd91dcc3eb3c026d3c5dbd720"
            ],
            "index": "pypi",
            "version": "==0.14.3"
        },
        "geojson": {
            "hashes": [
                "sha256:6e4bb7ace4226a45d9c8c8b1348b3fc43540658359f93c3f7e03efa9f15f658a",
                "sha256:ccbd13368dd728f4e4f13ffe6aaf725b6e802c692ba0dde628be475040c534ba"
            ],
            "version": "==2.5.0"
        },
        "idna": {
            "hashes": [
                "sha256:b307872f855b18632ce0c21c5e45be78c0ea7ae4c15c828c20788b26921eb3f6",
                "sha256:b97d804b1e9b523befed77c48dacec60e6dcb0b5391d57af6a65a312a90648c0"
            ],
            "markers": "python_version >= '2.7' and python_version not in '3.0, 3.1, 3.2, 3.3'",
            "version": "==2.10"
        },
        "importlib-metadata": {
            "hashes": [
                "sha256:77a540690e24b0305878c37ffd421785a6f7e53c8b5720d211b211de8d0e95da",
                "sha256:cefa1a2f919b866c5beb7c9f7b0ebb4061f30a8a9bf16d609b000e2dfaceb9c3"
            ],
            "markers": "python_version < '3.8'",
            "version": "==2.0.0"
        },
        "iso8601": {
            "hashes": [
                "sha256:210e0134677cc0d02f6028087fee1df1e1d76d372ee1db0bf30bf66c5c1c89a3",
                "sha256:49c4b20e1f38aa5cf109ddcd39647ac419f928512c869dc01d5c7098eddede82",
                "sha256:bbbae5fb4a7abfe71d4688fd64bff70b91bbd74ef6a99d964bab18f7fdf286dd"
            ],
            "index": "pypi",
            "version": "==0.1.12"
        },
        "itsdangerous": {
            "hashes": [
                "sha256:321b033d07f2a4136d3ec762eac9f16a10ccd60f53c0c91af90217ace7ba1f19",
                "sha256:b12271b2047cb23eeb98c8b5622e2e5c5e9abd9784a153e9d8ef9cb4dd09d749"
            ],
            "markers": "python_version >= '2.7' and python_version not in '3.0, 3.1, 3.2, 3.3'",
            "version": "==1.1.0"
        },
        "jinja2": {
            "hashes": [
                "sha256:74320bb91f31270f9551d46522e33af46a80c3d619f4a4bf42b3164d30b5911f",
                "sha256:9fe95f19286cfefaa917656583d020be14e7859c6b0252588391e47db34527de"
            ],
            "index": "pypi",
            "version": "==2.10.3"
        },
        "jsonschema": {
            "hashes": [
                "sha256:4e5b3cf8216f577bee9ce139cbe72eca3ea4f292ec60928ff24758ce626cd163",
                "sha256:c8a85b28d377cc7737e46e2d9f2b4f44ee3c0e1deac6bf46ddefc7187d30797a"
            ],
            "version": "==3.2.0"
        },
        "markupsafe": {
            "hashes": [
                "sha256:00bc623926325b26bb9605ae9eae8a215691f33cae5df11ca5424f06f2d1f473",
                "sha256:09027a7803a62ca78792ad89403b1b7a73a01c8cb65909cd876f7fcebd79b161",
                "sha256:09c4b7f37d6c648cb13f9230d847adf22f8171b1ccc4d5682398e77f40309235",
                "sha256:1027c282dad077d0bae18be6794e6b6b8c91d58ed8a8d89a89d59693b9131db5",
                "sha256:13d3144e1e340870b25e7b10b98d779608c02016d5184cfb9927a9f10c689f42",
                "sha256:24982cc2533820871eba85ba648cd53d8623687ff11cbb805be4ff7b4c971aff",
                "sha256:29872e92839765e546828bb7754a68c418d927cd064fd4708fab9fe9c8bb116b",
                "sha256:43a55c2930bbc139570ac2452adf3d70cdbb3cfe5912c71cdce1c2c6bbd9c5d1",
                "sha256:46c99d2de99945ec5cb54f23c8cd5689f6d7177305ebff350a58ce5f8de1669e",
                "sha256:500d4957e52ddc3351cabf489e79c91c17f6e0899158447047588650b5e69183",
                "sha256:535f6fc4d397c1563d08b88e485c3496cf5784e927af890fb3c3aac7f933ec66",
                "sha256:596510de112c685489095da617b5bcbbac7dd6384aeebeda4df6025d0256a81b",
                "sha256:62fe6c95e3ec8a7fad637b7f3d372c15ec1caa01ab47926cfdf7a75b40e0eac1",
                "sha256:6788b695d50a51edb699cb55e35487e430fa21f1ed838122d722e0ff0ac5ba15",
                "sha256:6dd73240d2af64df90aa7c4e7481e23825ea70af4b4922f8ede5b9e35f78a3b1",
                "sha256:717ba8fe3ae9cc0006d7c451f0bb265ee07739daf76355d06366154ee68d221e",
                "sha256:79855e1c5b8da654cf486b830bd42c06e8780cea587384cf6545b7d9ac013a0b",
                "sha256:7c1699dfe0cf8ff607dbdcc1e9b9af1755371f92a68f706051cc8c37d447c905",
                "sha256:88e5fcfb52ee7b911e8bb6d6aa2fd21fbecc674eadd44118a9cc3863f938e735",
                "sha256:8defac2f2ccd6805ebf65f5eeb132adcf2ab57aa11fdf4c0dd5169a004710e7d",
                "sha256:98c7086708b163d425c67c7a91bad6e466bb99d797aa64f965e9d25c12111a5e",
                "sha256:9add70b36c5666a2ed02b43b335fe19002ee5235efd4b8a89bfcf9005bebac0d",
                "sha256:9bf40443012702a1d2070043cb6291650a0841ece432556f784f004937f0f32c",
                "sha256:ade5e387d2ad0d7ebf59146cc00c8044acbd863725f887353a10df825fc8ae21",
                "sha256:b00c1de48212e4cc9603895652c5c410df699856a2853135b3967591e4beebc2",
                "sha256:b1282f8c00509d99fef04d8ba936b156d419be841854fe901d8ae224c59f0be5",
                "sha256:b2051432115498d3562c084a49bba65d97cf251f5a331c64a12ee7e04dacc51b",
                "sha256:ba59edeaa2fc6114428f1637ffff42da1e311e29382d81b339c1817d37ec93c6",
                "sha256:c8716a48d94b06bb3b2524c2b77e055fb313aeb4ea620c8dd03a105574ba704f",
                "sha256:cd5df75523866410809ca100dc9681e301e3c27567cf498077e8551b6d20e42f",
                "sha256:cdb132fc825c38e1aeec2c8aa9338310d29d337bebbd7baa06889d09a60a1fa2",
                "sha256:e249096428b3ae81b08327a63a485ad0878de3fb939049038579ac0ef61e17e7",
                "sha256:e8313f01ba26fbbe36c7be1966a7b7424942f670f38e666995b88d012765b9be"
            ],
            "markers": "python_version >= '2.7' and python_version not in '3.0, 3.1, 3.2, 3.3'",
            "version": "==1.1.1"
        },
        "multidict": {
            "hashes": [
                "sha256:1ece5a3369835c20ed57adadc663400b5525904e53bae59ec854a5d36b39b21a",
                "sha256:275ca32383bc5d1894b6975bb4ca6a7ff16ab76fa622967625baeebcf8079000",
                "sha256:3750f2205b800aac4bb03b5ae48025a64e474d2c6cc79547988ba1d4122a09e2",
                "sha256:4538273208e7294b2659b1602490f4ed3ab1c8cf9dbdd817e0e9db8e64be2507",
                "sha256:5141c13374e6b25fe6bf092052ab55c0c03d21bd66c94a0e3ae371d3e4d865a5",
                "sha256:51a4d210404ac61d32dada00a50ea7ba412e6ea945bbe992e4d7a595276d2ec7",
                "sha256:5cf311a0f5ef80fe73e4f4c0f0998ec08f954a6ec72b746f3c179e37de1d210d",
                "sha256:6513728873f4326999429a8b00fc7ceddb2509b01d5fd3f3be7881a257b8d463",
                "sha256:7388d2ef3c55a8ba80da62ecfafa06a1c097c18032a501ffd4cabbc52d7f2b19",
                "sha256:9456e90649005ad40558f4cf51dbb842e32807df75146c6d940b6f5abb4a78f3",
                "sha256:c026fe9a05130e44157b98fea3ab12969e5b60691a276150db9eda71710cd10b",
                "sha256:d14842362ed4cf63751648e7672f7174c9818459d169231d03c56e84daf90b7c",
                "sha256:e0d072ae0f2a179c375f67e3da300b47e1a83293c554450b29c900e50afaae87",
                "sha256:f07acae137b71af3bb548bd8da720956a3bc9f9a0b87733e0899226a2317aeb7",
                "sha256:fbb77a75e529021e7c4a8d4e823d88ef4d23674a202be4f5addffc72cbb91430",
                "sha256:fcfbb44c59af3f8ea984de67ec7c306f618a3ec771c2843804069917a8f2e255",
                "sha256:feed85993dbdb1dbc29102f50bca65bdc68f2c0c8d352468c25b54874f23c39d"
            ],
            "markers": "python_version >= '3.5'",
            "version": "==4.7.6"
        },
        "numpy": {
            "hashes": [
                "sha256:04c7d4ebc5ff93d9822075ddb1751ff392a4375e5885299445fcebf877f179d5",
                "sha256:0bfd85053d1e9f60234f28f63d4a5147ada7f432943c113a11afcf3e65d9d4c8",
                "sha256:0c66da1d202c52051625e55a249da35b31f65a81cb56e4c69af0dfb8fb0125bf",
                "sha256:0d310730e1e793527065ad7dde736197b705d0e4c9999775f212b03c44a8484c",
                "sha256:1669ec8e42f169ff715a904c9b2105b6640f3f2a4c4c2cb4920ae8b2785dac65",
                "sha256:2117536e968abb7357d34d754e3733b0d7113d4c9f1d921f21a3d96dec5ff716",
                "sha256:3733640466733441295b0d6d3dcbf8e1ffa7e897d4d82903169529fd3386919a",
                "sha256:4339741994c775396e1a274dba3609c69ab0f16056c1077f18979bec2a2c2e6e",
                "sha256:51ee93e1fac3fe08ef54ff1c7f329db64d8a9c5557e6c8e908be9497ac76374b",
                "sha256:54045b198aebf41bf6bf4088012777c1d11703bf74461d70cd350c0af2182e45",
                "sha256:58d66a6b3b55178a1f8a5fe98df26ace76260a70de694d99577ddeab7eaa9a9d",
                "sha256:59f3d687faea7a4f7f93bd9665e5b102f32f3fa28514f15b126f099b7997203d",
                "sha256:62139af94728d22350a571b7c82795b9d59be77fc162414ada6c8b6a10ef5d02",
                "sha256:7118f0a9f2f617f921ec7d278d981244ba83c85eea197be7c5a4f84af80a9c3c",
                "sha256:7c6646314291d8f5ea900a7ea9c4261f834b5b62159ba2abe3836f4fa6705526",
                "sha256:967c92435f0b3ba37a4257c48b8715b76741410467e2bdb1097e8391fccfae15",
                "sha256:9a3001248b9231ed73894c773142658bab914645261275f675d86c290c37f66d",
                "sha256:aba1d5daf1144b956bc87ffb87966791f5e9f3e1f6fab3d7f581db1f5b598f7a",
                "sha256:addaa551b298052c16885fc70408d3848d4e2e7352de4e7a1e13e691abc734c1",
                "sha256:b594f76771bc7fc8a044c5ba303427ee67c17a09b36e1fa32bde82f5c419d17a",
                "sha256:c35a01777f81e7333bcf276b605f39c872e28295441c265cd0c860f4b40148c1",
                "sha256:cebd4f4e64cfe87f2039e4725781f6326a61f095bc77b3716502bed812b385a9",
                "sha256:d526fa58ae4aead839161535d59ea9565863bb0b0bdb3cc63214613fb16aced4",
                "sha256:d7ac33585e1f09e7345aa902c281bd777fdb792432d27fca857f39b70e5dd31c",
                "sha256:e6ddbdc5113628f15de7e4911c02aed74a4ccff531842c583e5032f6e5a179bd",
                "sha256:eb25c381d168daf351147713f49c626030dcff7a393d5caa62515d415a6071d8"
            ],
            "markers": "python_version >= '3.6'",
            "version": "==1.19.2"
        },
        "oauthlib": {
            "hashes": [
                "sha256:bee41cc35fcca6e988463cacc3bcb8a96224f470ca547e697b604cc697b2f889",
                "sha256:df884cd6cbe20e32633f1db1072e9356f53638e4361bef4e8b03c9127c9328ea"
            ],
            "markers": "python_version >= '2.7' and python_version not in '3.0, 3.1, 3.2, 3.3'",
            "version": "==3.1.0"
        },
        "pandas": {
            "hashes": [
                "sha256:18d91a9199d1dfaa01ad645f7540370ba630bdcef09daaf9edf45b4b1bca0232",
                "sha256:3f26e5da310a0c0b83ea50da1fd397de2640b02b424aa69be7e0784228f656c9",
                "sha256:4182e32f4456d2c64619e97c58571fa5ca0993d1e8c2d9ca44916185e1726e15",
                "sha256:426e590e2eb0e60f765271d668a30cf38b582eaae5ec9b31229c8c3c10c5bc21",
                "sha256:5eb934a8f0dc358f0e0cdf314072286bbac74e4c124b64371395e94644d5d919",
                "sha256:717928808043d3ea55b9bcde636d4a52d2236c246f6df464163a66ff59980ad8",
                "sha256:8145f97c5ed71827a6ec98ceaef35afed1377e2d19c4078f324d209ff253ecb5",
                "sha256:8744c84c914dcc59cbbb2943b32b7664df1039d99e834e1034a3372acb89ea4d",
                "sha256:c1ac1d9590d0c9314ebf01591bd40d4c03d710bfc84a3889e5263c97d7891dee",
                "sha256:cb2e197b7b0687becb026b84d3c242482f20cbb29a9981e43604eb67576da9f6",
                "sha256:d4001b71ad2c9b84ff18b182cea22b7b6cbf624216da3ea06fb7af28d1f93165",
                "sha256:d8930772adccb2882989ab1493fa74bd87d47c8ac7417f5dd3dd834ba8c24dc9",
                "sha256:dfbb0173ee2399bc4ed3caf2d236e5c0092f948aafd0a15fbe4a0e77ee61a958",
                "sha256:eebfbba048f4fa8ac711b22c78516e16ff8117d05a580e7eeef6b0c2be554c18",
                "sha256:f1b21bc5cf3dbea53d33615d1ead892dfdae9d7052fa8898083bec88be20dcd2"
            ],
            "index": "pypi",
            "version": "==0.25.1"
        },
        "pgeocode": {
            "hashes": [
                "sha256:19f8b6081ea6f1993cea4761ada53f811e7a4ed7f88ec24898edec7b53ad996a",
                "sha256:7379a2874365a97cfe1a56e132b6e98250c3d0559fa67e45cfe38678f065719b"
            ],
            "index": "pypi",
            "version": "==0.2.1"
        },
        "prettyprint": {
            "hashes": [
                "sha256:7423210b62adfb3777677914cd25db4919f1c2b0afba0454365ffbfa3f7e3731",
                "sha256:ee3fdb0a463b421d326ba3ed2891f1927eb4193abedf81c9937bc1deae0f958a"
            ],
            "index": "pypi",
            "version": "==0.1.5"
        },
        "pycparser": {
            "hashes": [
                "sha256:2d475327684562c3a96cc71adf7dc8c4f0565175cf86b6d7a404ff4c771f15f0",
                "sha256:7582ad22678f0fcd81102833f60ef8d0e57288b6b5fb00323d101be910e35705"
            ],
            "markers": "python_version >= '2.7' and python_version not in '3.0, 3.1, 3.2, 3.3'",
            "version": "==2.20"
        },
        "pyiqvia": {
            "hashes": [
                "sha256:34ad960c9b51b7ce9074d5aa7d85da5a5815954c916f7e194b6b371469bff157",
                "sha256:bb4349c659d9f633fd1b0135d17088a07a04857a43d76bfd3da19b4e9254638f"
            ],
            "index": "pypi",
            "version": "==0.2.3"
        },
        "pymongo": {
            "hashes": [
                "sha256:0369136c6e79c5edc16aa5de2b48a1b1c1fe5e6f7fc5915a2deaa98bd6e9dad5",
                "sha256:08364e1bea1507c516b18b826ec790cb90433aec2f235033ec5eecfd1011633b",
                "sha256:0af1d2bc8cc9503bf92ec3669a77ec3a6d7938193b583fb867b7e9696eed52e8",
                "sha256:0cfd1aeeb8c0a634646ab3ebeb4ce6828b94b2e33553a69ff7e6c07c250bf201",
                "sha256:15bbd2b5397f7d22498e2f2769fd698a8a247b9cc1a630ee8dabf647fb333480",
                "sha256:1b4a13dff15641e58620524db15d7a323d60572b2b187261c5cb58c36d74778d",
                "sha256:22fbdb908257f9aaaa372a7684f3e094a05ca52eb84f8f381c8b1827c49556fd",
                "sha256:264272fd1c95fc48002ad85d5e41270831777b4180f2500943e45e12b2a3ab43",
                "sha256:3372e98eebbfd05ebf020388003f8a4438bed41e0fef1ef696d2c13633c416c8",
                "sha256:339d24ecdc42745d2dc09b26fda8151988e806ca81134a7bd10513c4031d91e1",
                "sha256:38281855fc3961ba5510fbb503b8d16cc1fcb326e9f7ba0dd096ed4eb72a7084",
                "sha256:4acdd2e16392472bfd49ca49038845c95e5254b5af862b55f7f2cc79aa258886",
                "sha256:4e0c006bc6e98e861b678432e05bf64ba3eb889b6ab7e7bf1ebaecf9f1ba0e58",
                "sha256:4e4284bcbe4b7be1b37f9641509085b715c478e7fbf8f820358362b5dd359379",
                "sha256:4e5e94a5f9823f0bd0c56012a57650bc6772636c29d83d253260c26b908fcfd9",
                "sha256:4e61f30800a40f1770b2ec56bbf5dc0f0e3f7e9250eb05fa4feb9ccb7bbe39ca",
                "sha256:53577cf57ba9d93b58ab41d45250277828ff83c5286dde14f855e4b17ec19976",
                "sha256:681cb31e8631882804a6cc3c8cc8f54a74ff3a82261a78e50f20c5eec05ac855",
                "sha256:6dfc2710f43dd1d66991a0f160d196356732ccc8aa9dbc6875aeba78388fa142",
                "sha256:72218201b13d8169be5736417987e9a0a3b10d4349e40e4db7a6a5ac670c7ef2",
                "sha256:7247fbcdbf7ab574eb70743461b3cfc14d9cfae3f27a9afb6ce14d87f67dd0b5",
                "sha256:72651f4b4adf50201891580506c8cca465d94d38f26ed92abfc56440662c723c",
                "sha256:87b3aaf12ad6a9b5570b12d2a4b8802757cb3588a903aafd3c25f07f9caf07e3",
                "sha256:87c28b7b37617c5a01eb396487f7d3b61a453e1fa0475a175ab87712d6f5d52f",
                "sha256:88efe627b628f36ef53f09abb218d4630f83d8ebde7028689439559475c43dae",
                "sha256:89bfbca22266f12df7fb80092b7c876734751d02b93789580b68957ad4a8bf56",
                "sha256:908a3caf348a672b28b8a06fe7b4a27c2fdcf7f873df671e4027d48bcd7f971f",
                "sha256:9128e7bea85f3a3041306fa14a7aa82a24b47881918500e1b8396dd1c933b5a6",
                "sha256:9737d6d688a15b8d5c0bfa909638b79261e195be817b9f1be79c722bbb23cd76",
                "sha256:98a8305da158f46e99e7e51db49a2f8b5fcdd7683ea7083988ccb9c4450507a6",
                "sha256:99285cd44c756f0900cbdb5fe75f567c0a76a273b7e0467f23cb76f47e60aac0",
                "sha256:9ed568f8026ffeb00ce31e5351e0d09d704cc19a29549ba4da0ac145d2a26fdf",
                "sha256:a006162035032021dfd00a879643dc06863dac275f9210d843278566c719eebc",
                "sha256:a03cb336bc8d25a11ff33b94967478a9775b0d2b23b39e952d9cc6cb93b75d69",
                "sha256:a863ceb67be163060d1099b7e89b6dd83d6dd50077c7ceae31ac844c4c2baff9",
                "sha256:b82628eaf0a16c1f50e1c205fd1dd406d7874037dd84643da89e91b5043b5e82",
                "sha256:bc6446a41fb7eeaf2c808bab961b9bac81db0f5de69eab74eebe1b8b072399f7",
                "sha256:c42d290ed54096355838421cf9d2a56e150cb533304d2439ef1adf612a986eaf",
                "sha256:c43879fe427ea6aa6e84dae9fbdc5aa14428a4cfe613fe0fee2cc004bf3f307c",
                "sha256:c566cbdd1863ba3ccf838656a1403c3c81fdb57cbe3fdd3515be7c9616763d33",
                "sha256:c5b7a0d7e6ca986de32b269b6dbbd5162c1a776ece72936f55decb4d1b197ee9",
                "sha256:ca109fe9f74da4930590bb589eb8fdf80e5d19f5cd9f337815cac9309bbd0a76",
                "sha256:d0260ba68f9bafd8775b2988b5aeace6e69a37593ec256e23e150c808160c05c",
                "sha256:d12d86e771fc3072a0e6bdbf4e417c63fec85ee47cb052ba7ad239403bf5e154",
                "sha256:d2ce33501149b373118fcfec88a292a87ef0b333fb30c7c6aac72fe64700bdf6",
                "sha256:d582ea8496e2a0e124e927a67dca55c8833f0dbfbc2c84aaf0e5949a2dd30c51",
                "sha256:d68b9ab0a900582a345fb279675b0ad4fac07d6a8c2678f12910d55083b7240d",
                "sha256:dbf1fa571db6006907aeaf6473580aaa76041f4f3cd1ff8a0039fd0f40b83f6d",
                "sha256:e032437a7d2b89dab880c79379d88059cee8019da0ff475d924c4ccab52db88f",
                "sha256:e0f5798f3ad60695465a093e3d002f609c41fef3dcb97fcefae355d24d3274cf",
                "sha256:e756355704a2cf91a7f4a649aa0bbf3bbd263018b9ed08f60198c262f4ee24b6",
                "sha256:e824b4b87bd88cbeb25c8babeadbbaaaf06f02bbb95a93462b7c6193a064974e",
                "sha256:ea1171470b52487152ed8bf27713cc2480dc8b0cd58e282a1bff742541efbfb8",
                "sha256:fa19aef44d5ed8f798a8136ff981aedfa508edac3b1bed481eca5dde5f14fd3d",
                "sha256:faf83d20c041637cb277e5fdb59abc217c40ab3202dd87cc95d6fbd9ce5ffd9b",
                "sha256:fceb6ae5a149a42766efb8344b0df6cfb21b55c55f360170abaddb11d43af0f1"
            ],
            "index": "pypi",
            "version": "==3.10.0"
        },
        "pyowm": {
            "hashes": [
                "sha256:1c51334a9bcd697993d4c68e5437d5f420d33dd7f5d872b2ad93c3c47b7a9649",
                "sha256:2ac88777565518b9e9aa3fc172c543ada4cbfc667d83775cd17c0e52ea6ccc86",
                "sha256:43d49901493a883335855d8dbd16f8aa0d2e26e0183b6b6fe8a5471904c0e37a",
                "sha256:805bd2f42e15770c0d2822b77add7770685cb94cfbeae8633328d0d522332fd7",
                "sha256:8fd41a18536f4d6c432bc6d9ea69994efb1ea9b43688cf19523659b6f4d86cf7",
                "sha256:b3294065a08417b4b0367fc424a77a0caafa24df8fd842ba9b08f1b5542c092e"
            ],
            "index": "pypi",
            "version": "==2.10.0"
        },
        "pyrsistent": {
            "hashes": [
                "sha256:2e636185d9eb976a18a8a8e96efce62f2905fea90041958d8cc2a189756ebf3e"
            ],
            "markers": "python_version >= '3.5'",
            "version": "==0.17.3"
        },
        "pysocks": {
            "hashes": [
                "sha256:08e69f092cc6dbe92a0fdd16eeb9b9ffbc13cadfe5ca4c7bd92ffb078b293299",
                "sha256:2725bd0a9925919b9b51739eea5f9e2bae91e83288108a9ad338b2e3a4435ee5",
                "sha256:3f8804571ebe159c380ac6de37643bb4685970655d3bba243530d6558b799aa0"
            ],
            "markers": "python_version >= '2.7' and python_version not in '3.0, 3.1, 3.2, 3.3'",
            "version": "==1.7.1"
        },
        "python-dateutil": {
            "hashes": [
                "sha256:7e6584c74aeed623791615e26efd690f29817a27c73085b78e4bad02493df2fb",
                "sha256:c89805f6f4d64db21ed966fda138f8a5ed7a4fdbc1a8ee329ce1b74e3c74da9e"
            ],
            "index": "pypi",
            "version": "==2.8.0"
        },
        "pytz": {
            "hashes": [
                "sha256:1c557d7d0e871de1f5ccd5833f60fb2550652da6be2693c1e02300743d21500d",
                "sha256:b02c06db6cf09c12dd25137e563b31700d3b80fcc4ad23abb7a315f2789819be"
            ],
            "index": "pypi",
            "version": "==2019.3"
        },
        "pyyaml": {
            "hashes": [
                "sha256:0113bc0ec2ad727182326b61326afa3d1d8280ae1122493553fd6f4397f33df9",
                "sha256:01adf0b6c6f61bd11af6e10ca52b7d4057dd0be0343eb9283c878cf3af56aee4",
                "sha256:5124373960b0b3f4aa7df1707e63e9f109b5263eca5976c66e08b1c552d4eaf8",
                "sha256:5ca4f10adbddae56d824b2c09668e91219bb178a1eee1faa56af6f99f11bf696",
                "sha256:7907be34ffa3c5a32b60b95f4d95ea25361c951383a894fec31be7252b2b6f34",
                "sha256:7ec9b2a4ed5cad025c2278a1e6a19c011c80a3caaac804fd2d329e9cc2c287c9",
                "sha256:87ae4c829bb25b9fe99cf71fbb2140c448f534e24c998cc60f39ae4f94396a73",
                "sha256:9de9919becc9cc2ff03637872a440195ac4241c80536632fffeb6a1e25a74299",
                "sha256:a5a85b10e450c66b49f98846937e8cfca1db3127a9d5d1e31ca45c3d0bef4c5b",
                "sha256:b0997827b4f6a7c286c01c5f60384d218dca4ed7d9efa945c3e1aa623d5709ae",
                "sha256:b631ef96d3222e62861443cc89d6563ba3eeb816eeb96b2629345ab795e53681",
                "sha256:bf47c0607522fdbca6c9e817a6e81b08491de50f3766a7a0e6a5be7905961b41",
                "sha256:f81025eddd0327c7d4cfe9b62cf33190e1e736cc6e97502b3ec425f574b3e7a8"
            ],
            "index": "pypi",
            "version": "==5.1.2"
        },
        "requests": {
            "hashes": [
                "sha256:b3559a131db72c33ee969480840fff4bb6dd111de7dd27c8ee1f820f4f00231b",
                "sha256:fe75cc94a9443b9246fc7049224f75604b113c36acb93f87b80ed42c44cbb898"
            ],
            "markers": "python_version >= '2.7' and python_version not in '3.0, 3.1, 3.2, 3.3, 3.4'",
            "version": "==2.24.0"
        },
        "requests-oauthlib": {
            "hashes": [
                "sha256:7f71572defaecd16372f9006f33c2ec8c077c3cfa6f5911a9a90202beb513f3d",
                "sha256:b4261601a71fd721a8bd6d7aa1cc1d6a8a93b4a9f5e96626f8e4d91e8beeaa6a",
                "sha256:fa6c47b933f01060936d87ae9327fead68768b69c6c9ea2109c48be30f2d4dbc"
            ],
            "version": "==1.3.0"
        },
        "six": {
            "hashes": [
                "sha256:30639c035cdb23534cd4aa2dd52c3bf48f06e5f4a941509c8bafd8ce11080259",
                "sha256:8b74bedcbbbaca38ff6d7491d76f2b06b3592611af620f8426e82dddb04a5ced"
            ],
            "markers": "python_version >= '2.7' and python_version not in '3.0, 3.1, 3.2, 3.3'",
            "version": "==1.15.0"
        },
        "tweepy": {
            "hashes": [
                "sha256:8abd828ba51a85a2b5bb7373715d6d3bb32d18ac624e3a4db02e4ef8ab48316b",
                "sha256:ecc7f200c86127903017e48824efd008734814e95f3e8e9b45ce0f4120dd08db"
            ],
            "index": "pypi",
            "version": "==3.8.0"
        },
        "typing-extensions": {
            "hashes": [
                "sha256:7cb407020f00f7bfc3cb3e7881628838e69d8f3fcab2f64742a5e76b2f841918",
                "sha256:99d4073b617d30288f569d3f13d2bd7548c3a7e4c8de87db09a9d29bb3a4a60c",
                "sha256:dafc7639cde7f1b6e1acc0f457842a83e722ccca8eef5270af2d74792619a89f"
            ],
            "markers": "python_version < '3.8'",
            "version": "==3.7.4.3"
        },
        "urllib3": {
            "hashes": [
                "sha256:8d7eaa5a82a1cac232164990f04874c594c9453ec55eef02eab885aa02fc17a2",
                "sha256:f5321fbe4bf3fefa0efd0bfe7fb14e90909eb62a48ccda331726b4319897dd5e"
            ],
            "markers": "python_version >= '2.7' and python_version not in '3.0, 3.1, 3.2, 3.3, 3.4' and python_version < '4'",
            "version": "==1.25.11"
        },
        "werkzeug": {
            "hashes": [
                "sha256:7280924747b5733b246fe23972186c6b348f9ae29724135a6dfc1e53cea433e7",
                "sha256:e5f4a1f98b52b18a93da705a7458e55afb26f32bff83ff5d19189f92462d65c4"
            ],
            "index": "pypi",
            "version": "==0.16.0"
        },
        "wtforms": {
            "hashes": [
                "sha256:0cdbac3e7f6878086c334aa25dc5a33869a3954e9d1e015130d65a69309b3b61",
                "sha256:e3ee092c827582c50877cdbd49e9ce6d2c5c1f6561f849b3b068c1b8029626f1"
            ],
            "index": "pypi",
            "version": "==2.2.1"
        },
        "yarl": {
            "hashes": [
                "sha256:03b7a44384ad60be1b7be93c2a24dc74895f8d767ea0bce15b2f6fc7695a3843",
                "sha256:076157404db9db4bb3fa9db22db319bbb36d075eeab19ba018ce20ae0cacf037",
                "sha256:1c05ae3d5ea4287470046a2c2754f0a4c171b84ea72c8a691f776eb1753dfb91",
                "sha256:2467baf8233f7c64048df37e11879c553943ffe7f373e689711ec2807ea13805",
                "sha256:2bb2e21cf062dfbe985c3cd4618bae9f25271efcad9e7be1277861247eee9839",
                "sha256:311effab3b3828ab34f0e661bb57ff422f67d5c33056298bda4c12195251f8dd",
                "sha256:3526cb5905907f0e42bee7ef57ae4a5f02bc27dcac27859269e2bba0caa4c2b6",
                "sha256:39b1e586f34b1d2512c9b39aa3cf24c870c972d525e36edc9ee19065db4737bb",
                "sha256:4bed5cd7c8e69551eb19df15295ba90e62b9a6a1149c76eb4a9bab194402a156",
                "sha256:51c6d3cf7a1f1fbe134bb92f33b7affd94d6de24cd64b466eb12de52120fb8c6",
                "sha256:59f78b5da34ddcffb663b772f7619e296518712e022e57fc5d9f921818e2ab7c",
                "sha256:6f29115b0c330da25a04f48612d75333bca04521181a666ca0b8761005a99150",
                "sha256:73d4e1e1ef5e52d526c92f07d16329e1678612c6a81dd8101fdcae11a72de15c",
                "sha256:9b48d31f8d881713fd461abfe7acbb4dcfeb47cec3056aa83f2fbcd2244577f7",
                "sha256:a1fd575dd058e10ad4c35065e7c3007cc74d142f622b14e168d8a273a2fa8713",
                "sha256:b3dd1052afd436ba737e61f5d3bed1f43a7f9a33fc58fbe4226eb919a7006019",
                "sha256:b99c25ed5c355b35d1e6dae87ac7297a4844a57dc5766b173b88b6163a36eb0d",
                "sha256:c056e86bff5a0b566e0d9fab4f67e83b12ae9cbcd250d334cbe2005bbe8c96f2",
                "sha256:c45b49b59a5724869899798e1bbd447ac486215269511d3b76b4c235a1b766b6",
                "sha256:cd623170c729a865037828e3f99f8ebdb22a467177a539680dfc5670b74c84e2",
                "sha256:d25d3311794e6c71b608d7c47651c8f65eea5ab15358a27f29330b3475e8f8e5",
                "sha256:d695439c201ed340745250f9eb4dfe8d32bf1e680c16477107b8f3ce4bff4fdb",
                "sha256:d77f6c9133d2aabb290a7846aaa74ec14d7b5ab35b01591fac5a70c4a8c959a2",
                "sha256:d894a2442d2cd20a3b0b0dce5a353d316c57d25a2b445e03f7eac90eee27b8af",
                "sha256:db643ce2b58a4bd11a82348225c53c76ecdd82bb37cf4c085e6df1b676f4038c",
                "sha256:e3a0c43a26dfed955b2a06fdc4d51d2c51bc2200aff8ce8faf14e676ea8c8862",
                "sha256:e77bf79ad1ccae672eab22453838382fe9029fc27c8029e84913855512a587d8",
                "sha256:f2f0174cb15435957d3b751093f89aede77df59a499ab7516bbb633b77ead13a",
                "sha256:f3031c78edf10315abe232254e6a36b65afe65fded41ee54ed7976d0b2cdf0da",
                "sha256:f4c007156732866aa4507d619fe6f8f2748caabed4f66b276ccd97c82572620c",
                "sha256:f4f27ff3dd80bc7c402def211a47291ea123d59a23f59fe18fc0e81e3e71f385",
                "sha256:f57744fc61e118b5d114ae8077d8eb9df4d2d2c11e2af194e21f0c11ed9dcf6c",
                "sha256:f835015a825980b65356e9520979a1564c56efea7da7d4b68a14d4a07a3a7336"
            ],
            "markers": "python_version >= '3.6'",
            "version": "==1.6.2"
        },
        "zipp": {
            "hashes": [
                "sha256:102c24ef8f171fd729d46599845e95c7ab894a4cf45f5de11a44cc7444fb1108",
                "sha256:ed5eee1974372595f9e416cc7bbeeb12335201d8081ca8a0743c954d4446e5cb"
            ],
            "markers": "python_version >= '3.6'",
            "version": "==3.4.0"
        }
    },
    "develop": {}
}
